<?xml version="1.0" encoding="utf-8"?>
<Project ToolsVersion="4.0" xmlns="http://schemas.microsoft.com/developer/msbuild/2003">
  <ItemGroup>
    <Filter Include="Archivos de origen">
      <UniqueIdentifier>{4FC737F1-C7A5-4376-A066-2A32D752A2FF}</UniqueIdentifier>
      <Extensions>cpp;c;cc;cxx;c++;cppm;ixx;def;odl;idl;hpj;bat;asm;asmx</Extensions>
    </Filter>
    <Filter Include="Archivos de encabezado">
      <UniqueIdentifier>{93995380-89BD-4b04-88EB-625FBE52EBFB}</UniqueIdentifier>
      <Extensions>h;hh;hpp;hxx;h++;hm;inl;inc;ipp;xsd</Extensions>
    </Filter>
    <Filter Include="Archivos de recursos">
      <UniqueIdentifier>{67DA6AB6-F800-4c08-8B7A-83BB121AAD01}</UniqueIdentifier>
      <Extensions>rc;ico;cur;bmp;dlg;rc2;rct;bin;rgs;gif;jpg;jpeg;jpe;resx;tiff;tif;png;wav;mfcribbon-ms</Extensions>
    </Filter>
    <Filter Include="Archivos de encabezado\Elements">
      <UniqueIdentifier>{06c6a005-325e-4182-8711-92fd6eaed475}</UniqueIdentifier>
    </Filter>
    <Filter Include="Archivos de encabezado\Models">
      <UniqueIdentifier>{38ff722a-806f-4745-a3fb-296ecb5f2ad0}</UniqueIdentifier>
    </Filter>
    <Filter Include="Archivos de encabezado\Core">
      <UniqueIdentifier>{4358feb0-0672-4f6b-81ad-32b27e7bdbd0}</UniqueIdentifier>
    </Filter>
    <Filter Include="Archivos de encabezado\Utilities">
      <UniqueIdentifier>{f4f35f53-6021-404c-81c0-9fba818aa304}</UniqueIdentifier>
    </Filter>
    <Filter Include="Archivos de encabezado\Cameras">
      <UniqueIdentifier>{807131e8-a683-4f1a-a6f3-b1356d4018fe}</UniqueIdentifier>
    </Filter>
  </ItemGroup>
  <ItemGroup>
    <ClCompile Include="src\Practica1.cpp">
      <Filter>Archivos de origen</Filter>
    </ClCompile>
    <ClCompile Include="src\Game.cpp">
      <Filter>Archivos de origen</Filter>
    </ClCompile>
    <ClCompile Include="src\Teapot.cpp">
      <Filter>Archivos de origen</Filter>
    </ClCompile>
    <ClCompile Include="src\Cube.cpp">
      <Filter>Archivos de origen</Filter>
    </ClCompile>
    <ClCompile Include="src\Sphere.cpp">
      <Filter>Archivos de origen</Filter>
    </ClCompile>
    <ClCompile Include="src\Cuboid.cpp">
      <Filter>Archivos de origen</Filter>
    </ClCompile>
    <ClCompile Include="src\Vector3D.cpp">
      <Filter>Archivos de origen</Filter>
    </ClCompile>
    <ClCompile Include="src\Color.cpp">
      <Filter>Archivos de origen</Filter>
    </ClCompile>
    <ClCompile Include="src\Display.cpp">
      <Filter>Archivos de origen</Filter>
    </ClCompile>
    <ClCompile Include="src\Solid.cpp">
      <Filter>Archivos de origen</Filter>
    </ClCompile>
    <ClCompile Include="src\Scene.cpp">
      <Filter>Archivos de origen</Filter>
    </ClCompile>
    <ClCompile Include="src\Camera.cpp">
      <Filter>Archivos de origen</Filter>
    </ClCompile>
    <ClCompile Include="src\Cilinder.cpp">
      <Filter>Archivos de origen</Filter>
    </ClCompile>
    <ClCompile Include="src\Torus.cpp">
      <Filter>Archivos de origen</Filter>
    </ClCompile>
    <ClCompile Include="src\Triangle.cpp">
      <Filter>Archivos de origen</Filter>
    </ClCompile>
    <ClCompile Include="src\Model.cpp">
      <Filter>Archivos de origen</Filter>
    </ClCompile>
    <ClCompile Include="src\ModelLoader.cpp">
      <Filter>Archivos de origen</Filter>
    </ClCompile>
    <ClCompile Include="src\Text.cpp">
      <Filter>Archivos de origen</Filter>
    </ClCompile>
    <ClCompile Include="src\SpaceShip.cpp">
      <Filter>Archivos de origen</Filter>
    </ClCompile>
    <ClCompile Include="src\Player.cpp">
      <Filter>Archivos de origen</Filter>
    </ClCompile>
    <ClCompile Include="src\Enemy.cpp">
      <Filter>Archivos de origen</Filter>
    </ClCompile>
    <ClCompile Include="src\PlayerText.cpp">
      <Filter>Archivos de origen</Filter>
    </ClCompile>
    <ClCompile Include="src\MainMenu.cpp">
      <Filter>Archivos de origen</Filter>
    </ClCompile>
    <ClCompile Include="src\Level.cpp">
      <Filter>Archivos de origen</Filter>
    </ClCompile>
    <ClCompile Include="src\End.cpp">
      <Filter>Archivos de origen</Filter>
    </ClCompile>
    <ClCompile Include="src\GameOver.cpp">
      <Filter>Archivos de origen</Filter>
    </ClCompile>
    <ClCompile Include="src\Enemy1.cpp">
      <Filter>Archivos de origen</Filter>
    </ClCompile>
    <ClCompile Include="src\Enemy2.cpp">
      <Filter>Archivos de origen</Filter>
    </ClCompile>
    <ClCompile Include="src\Enemy3.cpp">
      <Filter>Archivos de origen</Filter>
    </ClCompile>
    <ClCompile Include="src\Star.cpp">
      <Filter>Archivos de origen</Filter>
    </ClCompile>
  </ItemGroup>
  <ItemGroup>
    <None Include="packages.config" />
  </ItemGroup>
  <ItemGroup>
    <ClInclude Include="src\Cilinder.h">
      <Filter>Archivos de encabezado\Elements</Filter>
    </ClInclude>
    <ClInclude Include="src\Cube.h">
      <Filter>Archivos de encabezado\Elements</Filter>
    </ClInclude>
    <ClInclude Include="src\Sphere.h">
      <Filter>Archivos de encabezado\Elements</Filter>
    </ClInclude>
    <ClInclude Include="src\Teapot.h">
      <Filter>Archivos de encabezado\Elements</Filter>
    </ClInclude>
    <ClInclude Include="src\Cuboid.h">
      <Filter>Archivos de encabezado\Elements</Filter>
    </ClInclude>
    <ClInclude Include="src\Torus.h">
      <Filter>Archivos de encabezado\Elements</Filter>
    </ClInclude>
    <ClInclude Include="src\Solid.h">
      <Filter>Archivos de encabezado\Elements</Filter>
    </ClInclude>
    <ClInclude Include="src\Model.h">
      <Filter>Archivos de encabezado\Models</Filter>
    </ClInclude>
    <ClInclude Include="src\ModelLoader.h">
      <Filter>Archivos de encabezado\Models</Filter>
    </ClInclude>
    <ClInclude Include="src\Triangle.h">
      <Filter>Archivos de encabezado\Models</Filter>
    </ClInclude>
    <ClInclude Include="src\Game.h">
      <Filter>Archivos de encabezado\Core</Filter>
    </ClInclude>
    <ClInclude Include="src\Scene.h">
      <Filter>Archivos de encabezado\Core</Filter>
    </ClInclude>
    <ClInclude Include="src\Color.h">
      <Filter>Archivos de encabezado\Utilities</Filter>
    </ClInclude>
    <ClInclude Include="src\Vector3D.h">
      <Filter>Archivos de encabezado\Utilities</Filter>
    </ClInclude>
    <ClInclude Include="src\Text.h">
      <Filter>Archivos de encabezado\Elements</Filter>
    </ClInclude>
    <ClInclude Include="src\Display.h">
      <Filter>Archivos de encabezado\Elements</Filter>
    </ClInclude>
    <ClInclude Include="src\Camera.h">
      <Filter>Archivos de encabezado\Cameras</Filter>
    </ClInclude>
    <ClInclude Include="src\SpaceShip.h">
      <Filter>Archivos de encabezado\Elements</Filter>
    </ClInclude>
    <ClInclude Include="src\Player.h">
      <Filter>Archivos de encabezado\Elements</Filter>
    </ClInclude>
    <ClInclude Include="src\Enemy.h">
      <Filter>Archivos de encabezado\Elements</Filter>
    </ClInclude>
    <ClInclude Include="src\PlayerText.h">
      <Filter>Archivos de encabezado\Elements</Filter>
    </ClInclude>
    <ClInclude Include="src\MainMenu.h">
      <Filter>Archivos de encabezado\Core</Filter>
    </ClInclude>
    <ClInclude Include="src\GameOver.h">
      <Filter>Archivos de encabezado\Core</Filter>
    </ClInclude>
    <ClInclude Include="src\End.h">
      <Filter>Archivos de encabezado\Core</Filter>
    </ClInclude>
    <ClInclude Include="src\Level.h">
      <Filter>Archivos de encabezado\Core</Filter>
    </ClInclude>
    <ClInclude Include="src\Boss.h">
      <Filter>Archivos de encabezado\Elements</Filter>
    </ClInclude>
    <ClInclude Include="src\Enemy1.h">
      <Filter>Archivos de encabezado\Elements</Filter>
    </ClInclude>
    <ClInclude Include="src\Enemy2.h">
      <Filter>Archivos de encabezado\Elements</Filter>
    </ClInclude>
    <ClInclude Include="src\Enemy3.h">
      <Filter>Archivos de encabezado\Elements</Filter>
    </ClInclude>
    <ClInclude Include="src\Star.h">
      <Filter>Archivos de encabezado\Elements</Filter>
    </ClInclude>
  </ItemGroup>
</Project>